
Microsoft Visual Studio Solution File, Format Version 12.00
# Visual Studio 15
VisualStudioVersion = 15.0.28307.168
MinimumVisualStudioVersion = 10.0.40219.1
Project("{FAE04EC0-301F-11D3-BF4B-00C04F79EFBC}") = "AdbUtils", "AdbUtils.csproj", "{09AD7816-EA42-4F9B-A5CB-24B929A7DADB}"
EndProject
Global
	GlobalSection(SolutionConfigurationPlatforms) = preSolution
		Debug|Any CPU = Debug|Any CPU
		Release|Any CPU = Release|Any CPU
	EndGlobalSection
	GlobalSection(ProjectConfigurationPlatforms) = postSolution
		{09AD7816-EA42-4F9B-A5CB-24B929A7DADB}.Debug|Any CPU.ActiveCfg = Debug|Any CPU
		{09AD7816-EA42-4F9B-A5CB-24B929A7DADB}.Debug|Any CPU.Build.0 = Debug|Any CPU
		{09AD7816-EA42-4F9B-A5CB-24B929A7DADB}.Release|Any CPU.ActiveCfg = Release|Any CPU
		{09AD7816-EA42-4F9B-A5CB-24B929A7DADB}.Release|Any CPU.Build.0 = Release|Any CPU
	EndGlobalSection
	GlobalSection(SolutionProperties) = preSolution
		HideSolutionNode = FALSE
	EndGlobalSection
	GlobalSection(ExtensibilityGlobals) = postSolution
		SolutionGuid = {838997E8-24C6-45B2-8C76-2BAA15051F77}
	EndGlobalSection
EndGlobal
